
Microsoft Visual Studio Solution File, Format Version 12.00
# Visual Studio Version 17
VisualStudioVersion = 17.5.33424.131
MinimumVisualStudioVersion = 10.0.40219.1
Project("{FAE04EC0-301F-11D3-BF4B-00C04F79EFBC}") = "AlphanumericSorterConsole", "AlphanumericSorterConsole\AlphanumericSorterConsole.csproj", "{5B43CAD8-A9F6-4A52-BF99-8DD812F9F8F6}"
EndProject
Project("{9A19103F-16F7-4668-BE54-9A1E7A4F7556}") = "TestFileGenerator", "TestFileGenerator\TestFileGenerator.csproj", "{5C9700E1-989E-477B-AC8B-8D4BB30861C4}"
EndProject
Project("{FAE04EC0-301F-11D3-BF4B-00C04F79EFBC}") = "AlphanumericSorterBenchmark", "AlphanumericSorterBenchmark\AlphanumericSorterBenchmark.csproj", "{BAEF8F79-C757-465C-88BF-8D846A5AE563}"
EndProject
Project("{9A19103F-16F7-4668-BE54-9A1E7A4F7556}") = "MultiSorterLib", "MultiSorterLib\MultiSorterLib.csproj", "{B50133B0-ECEE-4DF5-936E-4D3B3BA3D746}"
EndProject
Global
	GlobalSection(SolutionConfigurationPlatforms) = preSolution
		Debug|Any CPU = Debug|Any CPU
		Release|Any CPU = Release|Any CPU
	EndGlobalSection
	GlobalSection(ProjectConfigurationPlatforms) = postSolution
		{5B43CAD8-A9F6-4A52-BF99-8DD812F9F8F6}.Debug|Any CPU.ActiveCfg = Debug|Any CPU
		{5B43CAD8-A9F6-4A52-BF99-8DD812F9F8F6}.Debug|Any CPU.Build.0 = Debug|Any CPU
		{5B43CAD8-A9F6-4A52-BF99-8DD812F9F8F6}.Release|Any CPU.ActiveCfg = Release|Any CPU
		{5B43CAD8-A9F6-4A52-BF99-8DD812F9F8F6}.Release|Any CPU.Build.0 = Release|Any CPU
		{5C9700E1-989E-477B-AC8B-8D4BB30861C4}.Debug|Any CPU.ActiveCfg = Debug|Any CPU
		{5C9700E1-989E-477B-AC8B-8D4BB30861C4}.Debug|Any CPU.Build.0 = Debug|Any CPU
		{5C9700E1-989E-477B-AC8B-8D4BB30861C4}.Release|Any CPU.ActiveCfg = Release|Any CPU
		{5C9700E1-989E-477B-AC8B-8D4BB30861C4}.Release|Any CPU.Build.0 = Release|Any CPU
		{BAEF8F79-C757-465C-88BF-8D846A5AE563}.Debug|Any CPU.ActiveCfg = Debug|Any CPU
		{BAEF8F79-C757-465C-88BF-8D846A5AE563}.Debug|Any CPU.Build.0 = Debug|Any CPU
		{BAEF8F79-C757-465C-88BF-8D846A5AE563}.Release|Any CPU.ActiveCfg = Release|Any CPU
		{BAEF8F79-C757-465C-88BF-8D846A5AE563}.Release|Any CPU.Build.0 = Release|Any CPU
		{B50133B0-ECEE-4DF5-936E-4D3B3BA3D746}.Debug|Any CPU.ActiveCfg = Debug|Any CPU
		{B50133B0-ECEE-4DF5-936E-4D3B3BA3D746}.Debug|Any CPU.Build.0 = Debug|Any CPU
		{B50133B0-ECEE-4DF5-936E-4D3B3BA3D746}.Release|Any CPU.ActiveCfg = Release|Any CPU
		{B50133B0-ECEE-4DF5-936E-4D3B3BA3D746}.Release|Any CPU.Build.0 = Release|Any CPU
	EndGlobalSection
	GlobalSection(SolutionProperties) = preSolution
		HideSolutionNode = FALSE
	EndGlobalSection
	GlobalSection(ExtensibilityGlobals) = postSolution
		SolutionGuid = {FBF95E5B-77A3-4900-85E4-A372C88E3797}
	EndGlobalSection
EndGlobal
